
Microsoft Visual Studio Solution File, Format Version 12.00
# Visual Studio Version 17
VisualStudioVersion = 17.11.35303.130
MinimumVisualStudioVersion = 10.0.40219.1
Project("{FAE04EC0-301F-11D3-BF4B-00C04F79EFBC}") = "Pracownicy", "Pracownicy.csproj", "{A1349C89-EDFF-41CA-87B7-FEC6AD565FF1}"
EndProject
Global
	GlobalSection(SolutionConfigurationPlatforms) = preSolution
		Debug|Any CPU = Debug|Any CPU
		Release|Any CPU = Release|Any CPU
	EndGlobalSection
	GlobalSection(ProjectConfigurationPlatforms) = postSolution
		{A1349C89-EDFF-41CA-87B7-FEC6AD565FF1}.Debug|Any CPU.ActiveCfg = Debug|Any CPU
		{A1349C89-EDFF-41CA-87B7-FEC6AD565FF1}.Debug|Any CPU.Build.0 = Debug|Any CPU
		{A1349C89-EDFF-41CA-87B7-FEC6AD565FF1}.Release|Any CPU.ActiveCfg = Release|Any CPU
		{A1349C89-EDFF-41CA-87B7-FEC6AD565FF1}.Release|Any CPU.Build.0 = Release|Any CPU
	EndGlobalSection
	GlobalSection(SolutionProperties) = preSolution
		HideSolutionNode = FALSE
	EndGlobalSection
	GlobalSection(ExtensibilityGlobals) = postSolution
		SolutionGuid = {A7CD931A-10F5-4154-B561-5FB1430DE1FE}
	EndGlobalSection
EndGlobal
